// !$*UTF8*$!
{
	archiveVersion = 1;
	classes = {
	};
	objectVersion = 56;
	objects = {

/* Begin PBXBuildFile section */
		4C28B8FF2A0D0B34007A4B88 /* MusicCategoryVM.swift in Sources */ = {isa = PBXBuildFile; fileRef = 4C28B8FE2A0D0B34007A4B88 /* MusicCategoryVM.swift */; };
		4C28B9012A0D0B3B007A4B88 /* Genre.swift in Sources */ = {isa = PBXBuildFile; fileRef = 4C28B9002A0D0B3B007A4B88 /* Genre.swift */; };
		4C28B9062A0D0B47007A4B88 /* ArtistsVM.swift in Sources */ = {isa = PBXBuildFile; fileRef = 4C28B9052A0D0B47007A4B88 /* ArtistsVM.swift */; };
		4C28B9082A0D0B47007A4B88 /* AlbumDetailVM.swift in Sources */ = {isa = PBXBuildFile; fileRef = 4C28B9032A0D0B47007A4B88 /* AlbumDetailVM.swift */; };
		4C28B9092A0D0B47007A4B88 /* ArtistDetailVM.swift in Sources */ = {isa = PBXBuildFile; fileRef = 4C28B9022A0D0B47007A4B88 /* ArtistDetailVM.swift */; };
		4C28B90F2A0D0B56007A4B88 /* FavouriteTracksView.swift in Sources */ = {isa = PBXBuildFile; fileRef = 4C28B90D2A0D0B56007A4B88 /* FavouriteTracksView.swift */; };
		4C28B9102A0D0B56007A4B88 /* ArtistsView.swift in Sources */ = {isa = PBXBuildFile; fileRef = 4C28B90C2A0D0B56007A4B88 /* ArtistsView.swift */; };
		4C28B9112A0D0B56007A4B88 /* ArtistDetailView.swift in Sources */ = {isa = PBXBuildFile; fileRef = 4C28B90A2A0D0B56007A4B88 /* ArtistDetailView.swift */; };
		4C28B9122A0D0B56007A4B88 /* AlbumDetailView.swift in Sources */ = {isa = PBXBuildFile; fileRef = 4C28B90B2A0D0B56007A4B88 /* AlbumDetailView.swift */; };
		4C28B9132A0D0B56007A4B88 /* MusicCategoryView.swift in Sources */ = {isa = PBXBuildFile; fileRef = 4C28B90E2A0D0B56007A4B88 /* MusicCategoryView.swift */; };
		4C28B9192A0D0BC8007A4B88 /* LocalStorageManager.swift in Sources */ = {isa = PBXBuildFile; fileRef = 4C28B9172A0D0BC8007A4B88 /* LocalStorageManager.swift */; };
		4C28B91A2A0D0BC8007A4B88 /* NetworkManager.swift in Sources */ = {isa = PBXBuildFile; fileRef = 4C28B9182A0D0BC8007A4B88 /* NetworkManager.swift */; };
		4C28B91C2A0D15E6007A4B88 /* Artist.swift in Sources */ = {isa = PBXBuildFile; fileRef = 4C28B91B2A0D15E6007A4B88 /* Artist.swift */; };
		4C28B91E2A0D17EB007A4B88 /* ArtistDetail.swift in Sources */ = {isa = PBXBuildFile; fileRef = 4C28B91D2A0D17EB007A4B88 /* ArtistDetail.swift */; };
		4C28B9232A0D21B1007A4B88 /* CategoryCell.swift in Sources */ = {isa = PBXBuildFile; fileRef = 4C28B9222A0D21B1007A4B88 /* CategoryCell.swift */; };
		4C28B9252A0D36FE007A4B88 /* ArtistCell.swift in Sources */ = {isa = PBXBuildFile; fileRef = 4C28B9242A0D36FE007A4B88 /* ArtistCell.swift */; };
		4C28B9272A0D409C007A4B88 /* Track.swift in Sources */ = {isa = PBXBuildFile; fileRef = 4C28B9262A0D409C007A4B88 /* Track.swift */; };
		4C28B9292A0D66E7007A4B88 /* AlbumCell.swift in Sources */ = {isa = PBXBuildFile; fileRef = 4C28B9282A0D66E7007A4B88 /* AlbumCell.swift */; };
		4C28B92B2A0D76DE007A4B88 /* Album.swift in Sources */ = {isa = PBXBuildFile; fileRef = 4C28B92A2A0D76DE007A4B88 /* Album.swift */; };
		4C28B92D2A0E5CD4007A4B88 /* Extensions.swift in Sources */ = {isa = PBXBuildFile; fileRef = 4C28B92C2A0E5CD4007A4B88 /* Extensions.swift */; };
		4CE093372A0D051E00311552 /* AppcentCaseStudyApp.swift in Sources */ = {isa = PBXBuildFile; fileRef = 4CE093362A0D051E00311552 /* AppcentCaseStudyApp.swift */; };
		4CE093392A0D051E00311552 /* ContentView.swift in Sources */ = {isa = PBXBuildFile; fileRef = 4CE093382A0D051E00311552 /* ContentView.swift */; };
		4CE0933B2A0D051F00311552 /* Assets.xcassets in Resources */ = {isa = PBXBuildFile; fileRef = 4CE0933A2A0D051F00311552 /* Assets.xcassets */; };
		4CE0933E2A0D051F00311552 /* Preview Assets.xcassets in Resources */ = {isa = PBXBuildFile; fileRef = 4CE0933D2A0D051F00311552 /* Preview Assets.xcassets */; };
/* End PBXBuildFile section */

/* Begin PBXFileReference section */
		4C28B8FE2A0D0B34007A4B88 /* MusicCategoryVM.swift */ = {isa = PBXFileReference; lastKnownFileType = sourcecode.swift; path = MusicCategoryVM.swift; sourceTree = "<group>"; };
		4C28B9002A0D0B3B007A4B88 /* Genre.swift */ = {isa = PBXFileReference; lastKnownFileType = sourcecode.swift; path = Genre.swift; sourceTree = "<group>"; };
		4C28B9022A0D0B47007A4B88 /* ArtistDetailVM.swift */ = {isa = PBXFileReference; lastKnownFileType = sourcecode.swift; path = ArtistDetailVM.swift; sourceTree = "<group>"; };
		4C28B9032A0D0B47007A4B88 /* AlbumDetailVM.swift */ = {isa = PBXFileReference; lastKnownFileType = sourcecode.swift; path = AlbumDetailVM.swift; sourceTree = "<group>"; };
		4C28B9052A0D0B47007A4B88 /* ArtistsVM.swift */ = {isa = PBXFileReference; lastKnownFileType = sourcecode.swift; path = ArtistsVM.swift; sourceTree = "<group>"; };
		4C28B90A2A0D0B56007A4B88 /* ArtistDetailView.swift */ = {isa = PBXFileReference; lastKnownFileType = sourcecode.swift; path = ArtistDetailView.swift; sourceTree = "<group>"; };
		4C28B90B2A0D0B56007A4B88 /* AlbumDetailView.swift */ = {isa = PBXFileReference; lastKnownFileType = sourcecode.swift; path = AlbumDetailView.swift; sourceTree = "<group>"; };
		4C28B90C2A0D0B56007A4B88 /* ArtistsView.swift */ = {isa = PBXFileReference; lastKnownFileType = sourcecode.swift; path = ArtistsView.swift; sourceTree = "<group>"; };
		4C28B90D2A0D0B56007A4B88 /* FavouriteTracksView.swift */ = {isa = PBXFileReference; lastKnownFileType = sourcecode.swift; path = FavouriteTracksView.swift; sourceTree = "<group>"; };
		4C28B90E2A0D0B56007A4B88 /* MusicCategoryView.swift */ = {isa = PBXFileReference; lastKnownFileType = sourcecode.swift; path = MusicCategoryView.swift; sourceTree = "<group>"; };
		4C28B9172A0D0BC8007A4B88 /* LocalStorageManager.swift */ = {isa = PBXFileReference; fileEncoding = 4; lastKnownFileType = sourcecode.swift; path = LocalStorageManager.swift; sourceTree = "<group>"; };
		4C28B9182A0D0BC8007A4B88 /* NetworkManager.swift */ = {isa = PBXFileReference; fileEncoding = 4; lastKnownFileType = sourcecode.swift; path = NetworkManager.swift; sourceTree = "<group>"; };
		4C28B91B2A0D15E6007A4B88 /* Artist.swift */ = {isa = PBXFileReference; lastKnownFileType = sourcecode.swift; path = Artist.swift; sourceTree = "<group>"; };
		4C28B91D2A0D17EB007A4B88 /* ArtistDetail.swift */ = {isa = PBXFileReference; lastKnownFileType = sourcecode.swift; path = ArtistDetail.swift; sourceTree = "<group>"; };
		4C28B9222A0D21B1007A4B88 /* CategoryCell.swift */ = {isa = PBXFileReference; lastKnownFileType = sourcecode.swift; path = CategoryCell.swift; sourceTree = "<group>"; };
		4C28B9242A0D36FE007A4B88 /* ArtistCell.swift */ = {isa = PBXFileReference; lastKnownFileType = sourcecode.swift; path = ArtistCell.swift; sourceTree = "<group>"; };
		4C28B9262A0D409C007A4B88 /* Track.swift */ = {isa = PBXFileReference; lastKnownFileType = sourcecode.swift; path = Track.swift; sourceTree = "<group>"; };
		4C28B9282A0D66E7007A4B88 /* AlbumCell.swift */ = {isa = PBXFileReference; lastKnownFileType = sourcecode.swift; path = AlbumCell.swift; sourceTree = "<group>"; };
		4C28B92A2A0D76DE007A4B88 /* Album.swift */ = {isa = PBXFileReference; lastKnownFileType = sourcecode.swift; path = Album.swift; sourceTree = "<group>"; };
		4C28B92C2A0E5CD4007A4B88 /* Extensions.swift */ = {isa = PBXFileReference; lastKnownFileType = sourcecode.swift; path = Extensions.swift; sourceTree = "<group>"; };
		4CE093332A0D051E00311552 /* AppcentCaseStudy.app */ = {isa = PBXFileReference; explicitFileType = wrapper.application; includeInIndex = 0; path = AppcentCaseStudy.app; sourceTree = BUILT_PRODUCTS_DIR; };
		4CE093362A0D051E00311552 /* AppcentCaseStudyApp.swift */ = {isa = PBXFileReference; lastKnownFileType = sourcecode.swift; path = AppcentCaseStudyApp.swift; sourceTree = "<group>"; };
		4CE093382A0D051E00311552 /* ContentView.swift */ = {isa = PBXFileReference; lastKnownFileType = sourcecode.swift; path = ContentView.swift; sourceTree = "<group>"; };
		4CE0933A2A0D051F00311552 /* Assets.xcassets */ = {isa = PBXFileReference; lastKnownFileType = folder.assetcatalog; path = Assets.xcassets; sourceTree = "<group>"; };
		4CE0933D2A0D051F00311552 /* Preview Assets.xcassets */ = {isa = PBXFileReference; lastKnownFileType = folder.assetcatalog; path = "Preview Assets.xcassets"; sourceTree = "<group>"; };
/* End PBXFileReference section */

/* Begin PBXFrameworksBuildPhase section */
		4CE093302A0D051E00311552 /* Frameworks */ = {
			isa = PBXFrameworksBuildPhase;
			buildActionMask = 2147483647;
			files = (
			);
			runOnlyForDeploymentPostprocessing = 0;
		};
/* End PBXFrameworksBuildPhase section */

/* Begin PBXGroup section */
		4C28B9142A0D0B61007A4B88 /* Views */ = {
			isa = PBXGroup;
			children = (
				4C28B90B2A0D0B56007A4B88 /* AlbumDetailView.swift */,
				4C28B90A2A0D0B56007A4B88 /* ArtistDetailView.swift */,
				4C28B90C2A0D0B56007A4B88 /* ArtistsView.swift */,
				4C28B90D2A0D0B56007A4B88 /* FavouriteTracksView.swift */,
				4C28B90E2A0D0B56007A4B88 /* MusicCategoryView.swift */,
			);
			name = Views;
			sourceTree = "<group>";
		};
		4C28B9152A0D0B6A007A4B88 /* ViewModels */ = {
			isa = PBXGroup;
			children = (
				4C28B8FE2A0D0B34007A4B88 /* MusicCategoryVM.swift */,
				4C28B9032A0D0B47007A4B88 /* AlbumDetailVM.swift */,
				4C28B9022A0D0B47007A4B88 /* ArtistDetailVM.swift */,
				4C28B9052A0D0B47007A4B88 /* ArtistsVM.swift */,
			);
			name = ViewModels;
			sourceTree = "<group>";
		};
		4C28B9162A0D0B71007A4B88 /* Models */ = {
			isa = PBXGroup;
			children = (
				4C28B9002A0D0B3B007A4B88 /* Genre.swift */,
				4C28B91B2A0D15E6007A4B88 /* Artist.swift */,
				4C28B91D2A0D17EB007A4B88 /* ArtistDetail.swift */,
				4C28B9262A0D409C007A4B88 /* Track.swift */,
				4C28B92A2A0D76DE007A4B88 /* Album.swift */,
			);
			path = Models;
			sourceTree = "<group>";
		};
		4C28B91F2A0D217B007A4B88 /* ViewComponents */ = {
			isa = PBXGroup;
			children = (
				4C28B9222A0D21B1007A4B88 /* CategoryCell.swift */,
				4C28B9242A0D36FE007A4B88 /* ArtistCell.swift */,
				4C28B9282A0D66E7007A4B88 /* AlbumCell.swift */,
			);
			name = ViewComponents;
			sourceTree = "<group>";
		};
		4CE0932A2A0D051E00311552 = {
			isa = PBXGroup;
			children = (
				4CE093352A0D051E00311552 /* AppcentCaseStudy */,
				4CE093342A0D051E00311552 /* Products */,
			);
			sourceTree = "<group>";
		};
		4CE093342A0D051E00311552 /* Products */ = {
			isa = PBXGroup;
			children = (
				4CE093332A0D051E00311552 /* AppcentCaseStudy.app */,
			);
			name = Products;
			sourceTree = "<group>";
		};
		4CE093352A0D051E00311552 /* AppcentCaseStudy */ = {
			isa = PBXGroup;
			children = (
				4C28B91F2A0D217B007A4B88 /* ViewComponents */,
				4C28B9162A0D0B71007A4B88 /* Models */,
				4C28B9152A0D0B6A007A4B88 /* ViewModels */,
				4C28B9142A0D0B61007A4B88 /* Views */,
				4CE093362A0D051E00311552 /* AppcentCaseStudyApp.swift */,
				4CE093382A0D051E00311552 /* ContentView.swift */,
				4CE0933A2A0D051F00311552 /* Assets.xcassets */,
				4C28B9172A0D0BC8007A4B88 /* LocalStorageManager.swift */,
				4C28B9182A0D0BC8007A4B88 /* NetworkManager.swift */,
				4CE0933C2A0D051F00311552 /* Preview Content */,
				4C28B92C2A0E5CD4007A4B88 /* Extensions.swift */,
			);
			path = AppcentCaseStudy;
			sourceTree = "<group>";
		};
		4CE0933C2A0D051F00311552 /* Preview Content */ = {
			isa = PBXGroup;
			children = (
				4CE0933D2A0D051F00311552 /* Preview Assets.xcassets */,
			);
			path = "Preview Content";
			sourceTree = "<group>";
		};
/* End PBXGroup section */

/* Begin PBXNativeTarget section */
		4CE093322A0D051E00311552 /* AppcentCaseStudy */ = {
			isa = PBXNativeTarget;
			buildConfigurationList = 4CE093412A0D051F00311552 /* Build configuration list for PBXNativeTarget "AppcentCaseStudy" */;
			buildPhases = (
				4CE0932F2A0D051E00311552 /* Sources */,
				4CE093302A0D051E00311552 /* Frameworks */,
				4CE093312A0D051E00311552 /* Resources */,
			);
			buildRules = (
			);
			dependencies = (
			);
			name = AppcentCaseStudy;
			productName = AppcentCaseStudy;
			productReference = 4CE093332A0D051E00311552 /* AppcentCaseStudy.app */;
			productType = "com.apple.product-type.application";
		};
/* End PBXNativeTarget section */

/* Begin PBXProject section */
		4CE0932B2A0D051E00311552 /* Project object */ = {
			isa = PBXProject;
			attributes = {
				BuildIndependentTargetsInParallel = 1;
				LastSwiftUpdateCheck = 1420;
				LastUpgradeCheck = 1420;
				TargetAttributes = {
					4CE093322A0D051E00311552 = {
						CreatedOnToolsVersion = 14.2;
					};
				};
			};
			buildConfigurationList = 4CE0932E2A0D051E00311552 /* Build configuration list for PBXProject "AppcentCaseStudy" */;
			compatibilityVersion = "Xcode 14.0";
			developmentRegion = en;
			hasScannedForEncodings = 0;
			knownRegions = (
				en,
				Base,
			);
			mainGroup = 4CE0932A2A0D051E00311552;
			productRefGroup = 4CE093342A0D051E00311552 /* Products */;
			projectDirPath = "";
			projectRoot = "";
			targets = (
				4CE093322A0D051E00311552 /* AppcentCaseStudy */,
			);
		};
/* End PBXProject section */

/* Begin PBXResourcesBuildPhase section */
		4CE093312A0D051E00311552 /* Resources */ = {
			isa = PBXResourcesBuildPhase;
			buildActionMask = 2147483647;
			files = (
				4CE0933E2A0D051F00311552 /* Preview Assets.xcassets in Resources */,
				4CE0933B2A0D051F00311552 /* Assets.xcassets in Resources */,
			);
			runOnlyForDeploymentPostprocessing = 0;
		};
/* End PBXResourcesBuildPhase section */

/* Begin PBXSourcesBuildPhase section */
		4CE0932F2A0D051E00311552 /* Sources */ = {
			isa = PBXSourcesBuildPhase;
			buildActionMask = 2147483647;
			files = (
				4C28B92D2A0E5CD4007A4B88 /* Extensions.swift in Sources */,
				4C28B9132A0D0B56007A4B88 /* MusicCategoryView.swift in Sources */,
				4C28B9062A0D0B47007A4B88 /* ArtistsVM.swift in Sources */,
				4C28B91E2A0D17EB007A4B88 /* ArtistDetail.swift in Sources */,
				4C28B9252A0D36FE007A4B88 /* ArtistCell.swift in Sources */,
				4C28B8FF2A0D0B34007A4B88 /* MusicCategoryVM.swift in Sources */,
				4C28B9232A0D21B1007A4B88 /* CategoryCell.swift in Sources */,
				4CE093392A0D051E00311552 /* ContentView.swift in Sources */,
				4C28B9092A0D0B47007A4B88 /* ArtistDetailVM.swift in Sources */,
				4C28B9082A0D0B47007A4B88 /* AlbumDetailVM.swift in Sources */,
				4C28B9112A0D0B56007A4B88 /* ArtistDetailView.swift in Sources */,
				4C28B9122A0D0B56007A4B88 /* AlbumDetailView.swift in Sources */,
				4C28B90F2A0D0B56007A4B88 /* FavouriteTracksView.swift in Sources */,
				4C28B9102A0D0B56007A4B88 /* ArtistsView.swift in Sources */,
				4CE093372A0D051E00311552 /* AppcentCaseStudyApp.swift in Sources */,
				4C28B91A2A0D0BC8007A4B88 /* NetworkManager.swift in Sources */,
				4C28B9012A0D0B3B007A4B88 /* Genre.swift in Sources */,
				4C28B9292A0D66E7007A4B88 /* AlbumCell.swift in Sources */,
				4C28B91C2A0D15E6007A4B88 /* Artist.swift in Sources */,
				4C28B92B2A0D76DE007A4B88 /* Album.swift in Sources */,
				4C28B9192A0D0BC8007A4B88 /* LocalStorageManager.swift in Sources */,
				4C28B9272A0D409C007A4B88 /* Track.swift in Sources */,
			);
			runOnlyForDeploymentPostprocessing = 0;
		};
/* End PBXSourcesBuildPhase section */

/* Begin XCBuildConfiguration section */
		4CE0933F2A0D051F00311552 /* Debug */ = {
			isa = XCBuildConfiguration;
			buildSettings = {
				ALWAYS_SEARCH_USER_PATHS = NO;
				CLANG_ANALYZER_NONNULL = YES;
				CLANG_ANALYZER_NUMBER_OBJECT_CONVERSION = YES_AGGRESSIVE;
				CLANG_CXX_LANGUAGE_STANDARD = "gnu++20";
				CLANG_ENABLE_MODULES = YES;
				CLANG_ENABLE_OBJC_ARC = YES;
				CLANG_ENABLE_OBJC_WEAK = YES;
				CLANG_WARN_BLOCK_CAPTURE_AUTORELEASING = YES;
				CLANG_WARN_BOOL_CONVERSION = YES;
				CLANG_WARN_COMMA = YES;
				CLANG_WARN_CONSTANT_CONVERSION = YES;
				CLANG_WARN_DEPRECATED_OBJC_IMPLEMENTATIONS = YES;
				CLANG_WARN_DIRECT_OBJC_ISA_USAGE = YES_ERROR;
				CLANG_WARN_DOCUMENTATION_COMMENTS = YES;
				CLANG_WARN_EMPTY_BODY = YES;
				CLANG_WARN_ENUM_CONVERSION = YES;
				CLANG_WARN_INFINITE_RECURSION = YES;
				CLANG_WARN_INT_CONVERSION = YES;
				CLANG_WARN_NON_LITERAL_NULL_CONVERSION = YES;
				CLANG_WARN_OBJC_IMPLICIT_RETAIN_SELF = YES;
				CLANG_WARN_OBJC_LITERAL_CONVERSION = YES;
				CLANG_WARN_OBJC_ROOT_CLASS = YES_ERROR;
				CLANG_WARN_QUOTED_INCLUDE_IN_FRAMEWORK_HEADER = YES;
				CLANG_WARN_RANGE_LOOP_ANALYSIS = YES;
				CLANG_WARN_STRICT_PROTOTYPES = YES;
				CLANG_WARN_SUSPICIOUS_MOVE = YES;
				CLANG_WARN_UNGUARDED_AVAILABILITY = YES_AGGRESSIVE;
				CLANG_WARN_UNREACHABLE_CODE = YES;
				CLANG_WARN__DUPLICATE_METHOD_MATCH = YES;
				COPY_PHASE_STRIP = NO;
				DEBUG_INFORMATION_FORMAT = dwarf;
				ENABLE_STRICT_OBJC_MSGSEND = YES;
				ENABLE_TESTABILITY = YES;
				GCC_C_LANGUAGE_STANDARD = gnu11;
				GCC_DYNAMIC_NO_PIC = NO;
				GCC_NO_COMMON_BLOCKS = YES;
				GCC_OPTIMIZATION_LEVEL = 0;
				GCC_PREPROCESSOR_DEFINITIONS = (
					"DEBUG=1",
					"$(inherited)",
				);
				GCC_WARN_64_TO_32_BIT_CONVERSION = YES;
				GCC_WARN_ABOUT_RETURN_TYPE = YES_ERROR;
				GCC_WARN_UNDECLARED_SELECTOR = YES;
				GCC_WARN_UNINITIALIZED_AUTOS = YES_AGGRESSIVE;
				GCC_WARN_UNUSED_FUNCTION = YES;
				GCC_WARN_UNUSED_VARIABLE = YES;
				IPHONEOS_DEPLOYMENT_TARGET = 16.2;
				MTL_ENABLE_DEBUG_INFO = INCLUDE_SOURCE;
				MTL_FAST_MATH = YES;
				ONLY_ACTIVE_ARCH = YES;
				SDKROOT = iphoneos;
				SWIFT_ACTIVE_COMPILATION_CONDITIONS = DEBUG;
				SWIFT_OPTIMIZATION_LEVEL = "-Onone";
			};
			name = Debug;
		};
		4CE093402A0D051F00311552 /* Release */ = {
			isa = XCBuildConfiguration;
			buildSettings = {
				ALWAYS_SEARCH_USER_PATHS = NO;
				CLANG_ANALYZER_NONNULL = YES;
				CLANG_ANALYZER_NUMBER_OBJECT_CONVERSION = YES_AGGRESSIVE;
				CLANG_CXX_LANGUAGE_STANDARD = "gnu++20";
				CLANG_ENABLE_MODULES = YES;
				CLANG_ENABLE_OBJC_ARC = YES;
				CLANG_ENABLE_OBJC_WEAK = YES;
				CLANG_WARN_BLOCK_CAPTURE_AUTORELEASING = YES;
				CLANG_WARN_BOOL_CONVERSION = YES;
				CLANG_WARN_COMMA = YES;
				CLANG_WARN_CONSTANT_CONVERSION = YES;
				CLANG_WARN_DEPRECATED_OBJC_IMPLEMENTATIONS = YES;
				CLANG_WARN_DIRECT_OBJC_ISA_USAGE = YES_ERROR;
				CLANG_WARN_DOCUMENTATION_COMMENTS = YES;
				CLANG_WARN_EMPTY_BODY = YES;
				CLANG_WARN_ENUM_CONVERSION = YES;
				CLANG_WARN_INFINITE_RECURSION = YES;
				CLANG_WARN_INT_CONVERSION = YES;
				CLANG_WARN_NON_LITERAL_NULL_CONVERSION = YES;
				CLANG_WARN_OBJC_IMPLICIT_RETAIN_SELF = YES;
				CLANG_WARN_OBJC_LITERAL_CONVERSION = YES;
				CLANG_WARN_OBJC_ROOT_CLASS = YES_ERROR;
				CLANG_WARN_QUOTED_INCLUDE_IN_FRAMEWORK_HEADER = YES;
				CLANG_WARN_RANGE_LOOP_ANALYSIS = YES;
				CLANG_WARN_STRICT_PROTOTYPES = YES;
				CLANG_WARN_SUSPICIOUS_MOVE = YES;
				CLANG_WARN_UNGUARDED_AVAILABILITY = YES_AGGRESSIVE;
				CLANG_WARN_UNREACHABLE_CODE = YES;
				CLANG_WARN__DUPLICATE_METHOD_MATCH = YES;
				COPY_PHASE_STRIP = NO;
				DEBUG_INFORMATION_FORMAT = "dwarf-with-dsym";
				ENABLE_NS_ASSERTIONS = NO;
				ENABLE_STRICT_OBJC_MSGSEND = YES;
				GCC_C_LANGUAGE_STANDARD = gnu11;
				GCC_NO_COMMON_BLOCKS = YES;
				GCC_WARN_64_TO_32_BIT_CONVERSION = YES;
				GCC_WARN_ABOUT_RETURN_TYPE = YES_ERROR;
				GCC_WARN_UNDECLARED_SELECTOR = YES;
				GCC_WARN_UNINITIALIZED_AUTOS = YES_AGGRESSIVE;
				GCC_WARN_UNUSED_FUNCTION = YES;
				GCC_WARN_UNUSED_VARIABLE = YES;
				IPHONEOS_DEPLOYMENT_TARGET = 16.2;
				MTL_ENABLE_DEBUG_INFO = NO;
				MTL_FAST_MATH = YES;
				SDKROOT = iphoneos;
				SWIFT_COMPILATION_MODE = wholemodule;
				SWIFT_OPTIMIZATION_LEVEL = "-O";
				VALIDATE_PRODUCT = YES;
			};
			name = Release;
		};
		4CE093422A0D051F00311552 /* Debug */ = {
			isa = XCBuildConfiguration;
			buildSettings = {
				ASSETCATALOG_COMPILER_APPICON_NAME = AppIcon;
				ASSETCATALOG_COMPILER_GLOBAL_ACCENT_COLOR_NAME = AccentColor;
				CODE_SIGN_STYLE = Automatic;
				CURRENT_PROJECT_VERSION = 1;
				DEVELOPMENT_ASSET_PATHS = "\"AppcentCaseStudy/Preview Content\"";
				DEVELOPMENT_TEAM = U9Q43DBKTS;
				ENABLE_PREVIEWS = YES;
				GENERATE_INFOPLIST_FILE = YES;
				INFOPLIST_KEY_UIApplicationSceneManifest_Generation = YES;
				INFOPLIST_KEY_UIApplicationSupportsIndirectInputEvents = YES;
				INFOPLIST_KEY_UILaunchScreen_Generation = YES;
				INFOPLIST_KEY_UISupportedInterfaceOrientations_iPad = "UIInterfaceOrientationPortrait UIInterfaceOrientationPortraitUpsideDown UIInterfaceOrientationLandscapeLeft UIInterfaceOrientationLandscapeRight";
				INFOPLIST_KEY_UISupportedInterfaceOrientations_iPhone = "UIInterfaceOrientationPortrait UIInterfaceOrientationLandscapeLeft UIInterfaceOrientationLandscapeRight";
				IPHONEOS_DEPLOYMENT_TARGET = 16.1;
				LD_RUNPATH_SEARCH_PATHS = (
					"$(inherited)",
					"@executable_path/Frameworks",
				);
				MARKETING_VERSION = 1.0;
				PRODUCT_BUNDLE_IDENTIFIER = com.onurural.AppcentCaseStudy;
				PRODUCT_NAME = "$(TARGET_NAME)";
				SWIFT_EMIT_LOC_STRINGS = YES;
				SWIFT_VERSION = 5.0;
				TARGETED_DEVICE_FAMILY = "1,2";
			};
			name = Debug;
		};
		4CE093432A0D051F00311552 /* Release */ = {
			isa = XCBuildConfiguration;
			buildSettings = {
				ASSETCATALOG_COMPILER_APPICON_NAME = AppIcon;
				ASSETCATALOG_COMPILER_GLOBAL_ACCENT_COLOR_NAME = AccentColor;
				CODE_SIGN_STYLE = Automatic;
				CURRENT_PROJECT_VERSION = 1;
				DEVELOPMENT_ASSET_PATHS = "\"AppcentCaseStudy/Preview Content\"";
				DEVELOPMENT_TEAM = U9Q43DBKTS;
				ENABLE_PREVIEWS = YES;
				GENERATE_INFOPLIST_FILE = YES;
				INFOPLIST_KEY_UIApplicationSceneManifest_Generation = YES;
				INFOPLIST_KEY_UIApplicationSupportsIndirectInputEvents = YES;
				INFOPLIST_KEY_UILaunchScreen_Generation = YES;
				INFOPLIST_KEY_UISupportedInterfaceOrientations_iPad = "UIInterfaceOrientationPortrait UIInterfaceOrientationPortraitUpsideDown UIInterfaceOrientationLandscapeLeft UIInterfaceOrientationLandscapeRight";
				INFOPLIST_KEY_UISupportedInterfaceOrientations_iPhone = "UIInterfaceOrientationPortrait UIInterfaceOrientationLandscapeLeft UIInterfaceOrientationLandscapeRight";
				IPHONEOS_DEPLOYMENT_TARGET = 16.1;
				LD_RUNPATH_SEARCH_PATHS = (
					"$(inherited)",
					"@executable_path/Frameworks",
				);
				MARKETING_VERSION = 1.0;
				PRODUCT_BUNDLE_IDENTIFIER = com.onurural.AppcentCaseStudy;
				PRODUCT_NAME = "$(TARGET_NAME)";
				SWIFT_EMIT_LOC_STRINGS = YES;
				SWIFT_VERSION = 5.0;
				TARGETED_DEVICE_FAMILY = "1,2";
			};
			name = Release;
		};
/* End XCBuildConfiguration section */

/* Begin XCConfigurationList section */
		4CE0932E2A0D051E00311552 /* Build configuration list for PBXProject "AppcentCaseStudy" */ = {
			isa = XCConfigurationList;
			buildConfigurations = (
				4CE0933F2A0D051F00311552 /* Debug */,
				4CE093402A0D051F00311552 /* Release */,
			);
			defaultConfigurationIsVisible = 0;
			defaultConfigurationName = Release;
		};
		4CE093412A0D051F00311552 /* Build configuration list for PBXNativeTarget "AppcentCaseStudy" */ = {
			isa = XCConfigurationList;
			buildConfigurations = (
				4CE093422A0D051F00311552 /* Debug */,
				4CE093432A0D051F00311552 /* Release */,
			);
			defaultConfigurationIsVisible = 0;
			defaultConfigurationName = Release;
		};
/* End XCConfigurationList section */
	};
	rootObject = 4CE0932B2A0D051E00311552 /* Project object */;
}
